
Microsoft Visual Studio Solution File, Format Version 12.00
# Visual Studio Version 17
VisualStudioVersion = 17.7.34024.191
MinimumVisualStudioVersion = 10.0.40219.1
Project("{FAE04EC0-301F-11D3-BF4B-00C04F79EFBC}") = "GestorPersonal", "GestorPersonal\GestorPersonal.csproj", "{0195A45B-C78B-4E14-976C-B860FE3DE9F5}"
EndProject
Global
	GlobalSection(SolutionConfigurationPlatforms) = preSolution
		Debug|Any CPU = Debug|Any CPU
		Release|Any CPU = Release|Any CPU
	EndGlobalSection
	GlobalSection(ProjectConfigurationPlatforms) = postSolution
		{0195A45B-C78B-4E14-976C-B860FE3DE9F5}.Debug|Any CPU.ActiveCfg = Debug|Any CPU
		{0195A45B-C78B-4E14-976C-B860FE3DE9F5}.Debug|Any CPU.Build.0 = Debug|Any CPU
		{0195A45B-C78B-4E14-976C-B860FE3DE9F5}.Release|Any CPU.ActiveCfg = Release|Any CPU
		{0195A45B-C78B-4E14-976C-B860FE3DE9F5}.Release|Any CPU.Build.0 = Release|Any CPU
	EndGlobalSection
	GlobalSection(SolutionProperties) = preSolution
		HideSolutionNode = FALSE
	EndGlobalSection
	GlobalSection(ExtensibilityGlobals) = postSolution
		SolutionGuid = {7BED1AE6-035B-4EBD-A47E-EA78E26CA962}
	EndGlobalSection
EndGlobal
